
Microsoft Visual Studio Solution File, Format Version 12.00
# Visual Studio 15
Project("{FAE04EC0-301F-11D3-BF4B-00C04F79EFBC}") = "fangame", "fangame\fangame.csproj", "{4750456E-98EF-4875-8747-766DA2016136}"
EndProject
Project("{2150E333-8FDC-42A3-9474-1A3956D46DE8}") = "Solution Items", "Solution Items", "{2388DE5D-C25A-43A6-9655-90E56A4F3C26}"
EndProject
Global
	GlobalSection(SolutionConfigurationPlatforms) = preSolution
		Debug|x86 = Debug|x86
		Release|x86 = Release|x86
	EndGlobalSection
	GlobalSection(ProjectConfigurationPlatforms) = postSolution
		{4750456E-98EF-4875-8747-766DA2016136}.Debug|x86.ActiveCfg = Debug|x86
		{4750456E-98EF-4875-8747-766DA2016136}.Debug|x86.Build.0 = Debug|x86
		{4750456E-98EF-4875-8747-766DA2016136}.Release|x86.ActiveCfg = Release|x86
		{4750456E-98EF-4875-8747-766DA2016136}.Release|x86.Build.0 = Release|x86
	EndGlobalSection
EndGlobal
